
Microsoft Visual Studio Solution File, Format Version 12.00
# Visual Studio Version 17
VisualStudioVersion = 17.9.34622.214
MinimumVisualStudioVersion = 10.0.40219.1
Project("{FAE04EC0-301F-11D3-BF4B-00C04F79EFBC}") = "S2-mvc", "S2-mvc\S2-mvc.csproj", "{BFD724EF-0A95-4222-AE7F-25ED094CED21}"
EndProject
Global
	GlobalSection(SolutionConfigurationPlatforms) = preSolution
		Debug|Any CPU = Debug|Any CPU
		Release|Any CPU = Release|Any CPU
	EndGlobalSection
	GlobalSection(ProjectConfigurationPlatforms) = postSolution
		{BFD724EF-0A95-4222-AE7F-25ED094CED21}.Debug|Any CPU.ActiveCfg = Debug|Any CPU
		{BFD724EF-0A95-4222-AE7F-25ED094CED21}.Debug|Any CPU.Build.0 = Debug|Any CPU
		{BFD724EF-0A95-4222-AE7F-25ED094CED21}.Release|Any CPU.ActiveCfg = Release|Any CPU
		{BFD724EF-0A95-4222-AE7F-25ED094CED21}.Release|Any CPU.Build.0 = Release|Any CPU
	EndGlobalSection
	GlobalSection(SolutionProperties) = preSolution
		HideSolutionNode = FALSE
	EndGlobalSection
	GlobalSection(ExtensibilityGlobals) = postSolution
		SolutionGuid = {6206FE78-9031-4A61-A790-3A3913444CE8}
	EndGlobalSection
EndGlobal
